
Microsoft Visual Studio Solution File, Format Version 12.00
# Visual Studio Version 16
VisualStudioVersion = 16.0.31702.278
MinimumVisualStudioVersion = 10.0.40219.1
Project("{8BC9CEB8-8B4A-11D0-8D11-00A0C91BC942}") = "HPDA_lab_1", "HPDA_lab_1\HPDA_lab_1.vcxproj", "{7F321475-B098-466B-B6E7-24A13E025EAE}"
EndProject
Global
	GlobalSection(SolutionConfigurationPlatforms) = preSolution
		Debug|x64 = Debug|x64
		Release|x64 = Release|x64
	EndGlobalSection
	GlobalSection(ProjectConfigurationPlatforms) = postSolution
		{7F321475-B098-466B-B6E7-24A13E025EAE}.Debug|x64.ActiveCfg = Debug|x64
		{7F321475-B098-466B-B6E7-24A13E025EAE}.Debug|x64.Build.0 = Debug|x64
		{7F321475-B098-466B-B6E7-24A13E025EAE}.Release|x64.ActiveCfg = Release|x64
		{7F321475-B098-466B-B6E7-24A13E025EAE}.Release|x64.Build.0 = Release|x64
	EndGlobalSection
	GlobalSection(SolutionProperties) = preSolution
		HideSolutionNode = FALSE
	EndGlobalSection
	GlobalSection(ExtensibilityGlobals) = postSolution
		SolutionGuid = {14DD1E24-B858-4BFF-8B13-E86A75793FAF}
	EndGlobalSection
EndGlobal
